
Microsoft Visual Studio Solution File, Format Version 12.00
# Visual Studio 15
VisualStudioVersion = 15.0.28307.572
MinimumVisualStudioVersion = 10.0.40219.1
Project("{FAE04EC0-301F-11D3-BF4B-00C04F79EFBC}") = "BookShop", "BookShop\BookShop.csproj", "{07E0B033-970D-439D-B241-3D03DE7516F3}"
EndProject
Project("{FAE04EC0-301F-11D3-BF4B-00C04F79EFBC}") = "Model", "Model\Model.csproj", "{DD92C1C6-194E-4C17-89BD-BA29F0736C3B}"
EndProject
Project("{FAE04EC0-301F-11D3-BF4B-00C04F79EFBC}") = "Common", "Common\Common.csproj", "{BF028B59-B47E-47DD-ABB0-564EDD43E51A}"
EndProject
Project("{FAE04EC0-301F-11D3-BF4B-00C04F79EFBC}") = "StaticResources", "StaticResources\StaticResources.csproj", "{E8D13DB6-B02E-4C7F-AA37-EC0E7014E699}"
EndProject
Global
	GlobalSection(SolutionConfigurationPlatforms) = preSolution
		Debug|Any CPU = Debug|Any CPU
		Release|Any CPU = Release|Any CPU
	EndGlobalSection
	GlobalSection(ProjectConfigurationPlatforms) = postSolution
		{07E0B033-970D-439D-B241-3D03DE7516F3}.Debug|Any CPU.ActiveCfg = Debug|Any CPU
		{07E0B033-970D-439D-B241-3D03DE7516F3}.Debug|Any CPU.Build.0 = Debug|Any CPU
		{07E0B033-970D-439D-B241-3D03DE7516F3}.Release|Any CPU.ActiveCfg = Release|Any CPU
		{07E0B033-970D-439D-B241-3D03DE7516F3}.Release|Any CPU.Build.0 = Release|Any CPU
		{DD92C1C6-194E-4C17-89BD-BA29F0736C3B}.Debug|Any CPU.ActiveCfg = Debug|Any CPU
		{DD92C1C6-194E-4C17-89BD-BA29F0736C3B}.Debug|Any CPU.Build.0 = Debug|Any CPU
		{DD92C1C6-194E-4C17-89BD-BA29F0736C3B}.Release|Any CPU.ActiveCfg = Release|Any CPU
		{DD92C1C6-194E-4C17-89BD-BA29F0736C3B}.Release|Any CPU.Build.0 = Release|Any CPU
		{BF028B59-B47E-47DD-ABB0-564EDD43E51A}.Debug|Any CPU.ActiveCfg = Debug|Any CPU
		{BF028B59-B47E-47DD-ABB0-564EDD43E51A}.Debug|Any CPU.Build.0 = Debug|Any CPU
		{BF028B59-B47E-47DD-ABB0-564EDD43E51A}.Release|Any CPU.ActiveCfg = Release|Any CPU
		{BF028B59-B47E-47DD-ABB0-564EDD43E51A}.Release|Any CPU.Build.0 = Release|Any CPU
		{E8D13DB6-B02E-4C7F-AA37-EC0E7014E699}.Debug|Any CPU.ActiveCfg = Debug|Any CPU
		{E8D13DB6-B02E-4C7F-AA37-EC0E7014E699}.Debug|Any CPU.Build.0 = Debug|Any CPU
		{E8D13DB6-B02E-4C7F-AA37-EC0E7014E699}.Release|Any CPU.ActiveCfg = Release|Any CPU
		{E8D13DB6-B02E-4C7F-AA37-EC0E7014E699}.Release|Any CPU.Build.0 = Release|Any CPU
	EndGlobalSection
	GlobalSection(SolutionProperties) = preSolution
		HideSolutionNode = FALSE
	EndGlobalSection
	GlobalSection(ExtensibilityGlobals) = postSolution
		SolutionGuid = {9F1F64BC-EF3E-4E88-9A27-8E346A8DB4F7}
	EndGlobalSection
EndGlobal
